lockfile_version: '1'
generated_at: '2026-07-08T13:35:34.961015+00:00'
apm_version: 0.16.0
dependencies:
- repo_url: anthropics/skills
  host: github.com
  resolved_commit: 00756142ab04c82a447693cf373c4e0c554d1005
  resolved_ref: '0075614'
  virtual_path: skills/frontend-design
  is_virtual: true
  package_type: claude_skill
  deployed_files:
  - .agents/skills/frontend-design
  content_hash: sha256:063a0e6448123cd359ad0044cc46b0e490cc7964d45ef4bb9fd842bd2ffbca67
